
Microsoft Visual Studio Solution File, Format Version 12.00
# Visual Studio Version 17
VisualStudioVersion = 17.7.34031.279
MinimumVisualStudioVersion = 10.0.40219.1
Project("{FAE04EC0-301F-11D3-BF4B-00C04F79EFBC}") = "github test", "github test.csproj", "{52389BA7-BC52-4456-B850-98DF182CAF8D}"
EndProject
Global
	GlobalSection(SolutionConfigurationPlatforms) = preSolution
		Debug|Any CPU = Debug|Any CPU
		Release|Any CPU = Release|Any CPU
	EndGlobalSection
	GlobalSection(ProjectConfigurationPlatforms) = postSolution
		{52389BA7-BC52-4456-B850-98DF182CAF8D}.Debug|Any CPU.ActiveCfg = Debug|Any CPU
		{52389BA7-BC52-4456-B850-98DF182CAF8D}.Debug|Any CPU.Build.0 = Debug|Any CPU
		{52389BA7-BC52-4456-B850-98DF182CAF8D}.Release|Any CPU.ActiveCfg = Release|Any CPU
		{52389BA7-BC52-4456-B850-98DF182CAF8D}.Release|Any CPU.Build.0 = Release|Any CPU
	EndGlobalSection
	GlobalSection(SolutionProperties) = preSolution
		HideSolutionNode = FALSE
	EndGlobalSection
	GlobalSection(ExtensibilityGlobals) = postSolution
		SolutionGuid = {D620895E-6DF1-47BF-844A-E1FA241E4674}
	EndGlobalSection
EndGlobal
